
Microsoft Visual Studio Solution File, Format Version 12.00
# Visual Studio Version 16
VisualStudioVersion = 16.0.31410.357
MinimumVisualStudioVersion = 10.0.40219.1
Project("{9A19103F-16F7-4668-BE54-9A1E7A4F7556}") = "RandomCoffee.Yammer.Function", "RandomCoffee.Yammer.Function\RandomCoffee.Yammer.Function.csproj", "{AB614C12-E3E1-4929-BEEE-8AD6688962C8}"
EndProject
Project("{2150E333-8FDC-42A3-9474-1A3956D46DE8}") = "Solution Items", "Solution Items", "{F88B6835-612A-4733-935B-642E0A47C09D}"
	ProjectSection(SolutionItems) = preProject
		.editorconfig = .editorconfig
	EndProjectSection
EndProject
Project("{FAE04EC0-301F-11D3-BF4B-00C04F79EFBC}") = "RandomCoffee.Yammer.Function.Tests", "RandomCoffee.Yammer.Function.Tests\RandomCoffee.Yammer.Function.Tests.csproj", "{98F09C8C-98B3-4006-A0FE-2A12A6FE3B5E}"
EndProject
Global
	GlobalSection(SolutionConfigurationPlatforms) = preSolution
		Debug|Any CPU = Debug|Any CPU
		Release|Any CPU = Release|Any CPU
	EndGlobalSection
	GlobalSection(ProjectConfigurationPlatforms) = postSolution
		{AB614C12-E3E1-4929-BEEE-8AD6688962C8}.Debug|Any CPU.ActiveCfg = Debug|Any CPU
		{AB614C12-E3E1-4929-BEEE-8AD6688962C8}.Debug|Any CPU.Build.0 = Debug|Any CPU
		{AB614C12-E3E1-4929-BEEE-8AD6688962C8}.Release|Any CPU.ActiveCfg = Release|Any CPU
		{AB614C12-E3E1-4929-BEEE-8AD6688962C8}.Release|Any CPU.Build.0 = Release|Any CPU
		{98F09C8C-98B3-4006-A0FE-2A12A6FE3B5E}.Debug|Any CPU.ActiveCfg = Debug|Any CPU
		{98F09C8C-98B3-4006-A0FE-2A12A6FE3B5E}.Debug|Any CPU.Build.0 = Debug|Any CPU
		{98F09C8C-98B3-4006-A0FE-2A12A6FE3B5E}.Release|Any CPU.ActiveCfg = Release|Any CPU
		{98F09C8C-98B3-4006-A0FE-2A12A6FE3B5E}.Release|Any CPU.Build.0 = Release|Any CPU
	EndGlobalSection
	GlobalSection(SolutionProperties) = preSolution
		HideSolutionNode = FALSE
	EndGlobalSection
	GlobalSection(ExtensibilityGlobals) = postSolution
		SolutionGuid = {A197018E-2A51-48BA-BF28-18F19E5EDF5A}
	EndGlobalSection
EndGlobal
